
Microsoft Visual Studio Solution File, Format Version 12.00
# Visual Studio 14
VisualStudioVersion = 14.0.25420.1
MinimumVisualStudioVersion = 10.0.40219.1
Project("{888888A0-9F3D-457C-B088-3A5042F75D52}") = "win-mklinks", "win-mklinks\win-mklinks.pyproj", "{0F2759C4-3C06-43A8-81C2-8E01EC0B35D9}"
EndProject
Project("{888888A0-9F3D-457C-B088-3A5042F75D52}") = "test", "test\test.pyproj", "{00ADC6A1-0FBD-4FDC-B85C-892E6A452A4D}"
EndProject
Global
	GlobalSection(SolutionConfigurationPlatforms) = preSolution
		Debug|Any CPU = Debug|Any CPU
		Release|Any CPU = Release|Any CPU
	EndGlobalSection
	GlobalSection(ProjectConfigurationPlatforms) = postSolution
		{0F2759C4-3C06-43A8-81C2-8E01EC0B35D9}.Debug|Any CPU.ActiveCfg = Debug|Any CPU
		{0F2759C4-3C06-43A8-81C2-8E01EC0B35D9}.Release|Any CPU.ActiveCfg = Release|Any CPU
		{00ADC6A1-0FBD-4FDC-B85C-892E6A452A4D}.Debug|Any CPU.ActiveCfg = Debug|Any CPU
		{00ADC6A1-0FBD-4FDC-B85C-892E6A452A4D}.Release|Any CPU.ActiveCfg = Release|Any CPU
	EndGlobalSection
	GlobalSection(SolutionProperties) = preSolution
		HideSolutionNode = FALSE
	EndGlobalSection
EndGlobal
